
Microsoft Visual Studio Solution File, Format Version 12.00
# Visual Studio Version 17
VisualStudioVersion = 17.5.33530.505
MinimumVisualStudioVersion = 10.0.40219.1
Project("{FAE04EC0-301F-11D3-BF4B-00C04F79EFBC}") = "RubyRAT-Builder", "RubyRAT-Builder\RubyRAT-Builder.csproj", "{6119CCE8-A5E8-4A6A-BC01-533E44862216}"
EndProject
Global
	GlobalSection(SolutionConfigurationPlatforms) = preSolution
		Debug|Any CPU = Debug|Any CPU
		Release|Any CPU = Release|Any CPU
	EndGlobalSection
	GlobalSection(ProjectConfigurationPlatforms) = postSolution
		{6119CCE8-A5E8-4A6A-BC01-533E44862216}.Debug|Any CPU.ActiveCfg = Debug|Any CPU
		{6119CCE8-A5E8-4A6A-BC01-533E44862216}.Debug|Any CPU.Build.0 = Debug|Any CPU
		{6119CCE8-A5E8-4A6A-BC01-533E44862216}.Release|Any CPU.ActiveCfg = Release|Any CPU
		{6119CCE8-A5E8-4A6A-BC01-533E44862216}.Release|Any CPU.Build.0 = Release|Any CPU
	EndGlobalSection
	GlobalSection(SolutionProperties) = preSolution
		HideSolutionNode = FALSE
	EndGlobalSection
	GlobalSection(ExtensibilityGlobals) = postSolution
		SolutionGuid = {76803639-6CD5-48A1-BACB-F7EAB238E67B}
	EndGlobalSection
EndGlobal
